
Microsoft Visual Studio Solution File, Format Version 12.00
# Visual Studio Version 17
VisualStudioVersion = 17.0.31903.59
MinimumVisualStudioVersion = 10.0.40219.1
Project("{2150E333-8FDC-42A3-9474-1A3956D46DE8}") = "src", "src", "{DBE8DD6F-0CB2-4D61-B773-71D3F29FB165}"
EndProject
Project("{FAE04EC0-301F-11D3-BF4B-00C04F79EFBC}") = "ZeroBudget", "src\ZeroBudget\ZeroBudget.csproj", "{3638ACE1-9159-4C5B-AA4E-9F375F46B7FC}"
EndProject
Project("{2150E333-8FDC-42A3-9474-1A3956D46DE8}") = "tests", "tests", "{3C2EF71B-EE27-4672-A1E9-806F46393CF8}"
EndProject
Project("{FAE04EC0-301F-11D3-BF4B-00C04F79EFBC}") = "ZeroBudget.Unit.Tests", "tests\ZeroBudget.Unit.Tests\ZeroBudget.Unit.Tests.csproj", "{77264780-6184-405D-B2D5-A1C29FD2AF1F}"
EndProject
Global
	GlobalSection(SolutionConfigurationPlatforms) = preSolution
		Debug|Any CPU = Debug|Any CPU
		Release|Any CPU = Release|Any CPU
	EndGlobalSection
	GlobalSection(SolutionProperties) = preSolution
		HideSolutionNode = FALSE
	EndGlobalSection
	GlobalSection(ProjectConfigurationPlatforms) = postSolution
		{3638ACE1-9159-4C5B-AA4E-9F375F46B7FC}.Debug|Any CPU.ActiveCfg = Debug|Any CPU
		{3638ACE1-9159-4C5B-AA4E-9F375F46B7FC}.Debug|Any CPU.Build.0 = Debug|Any CPU
		{3638ACE1-9159-4C5B-AA4E-9F375F46B7FC}.Release|Any CPU.ActiveCfg = Release|Any CPU
		{3638ACE1-9159-4C5B-AA4E-9F375F46B7FC}.Release|Any CPU.Build.0 = Release|Any CPU
		{77264780-6184-405D-B2D5-A1C29FD2AF1F}.Debug|Any CPU.ActiveCfg = Debug|Any CPU
		{77264780-6184-405D-B2D5-A1C29FD2AF1F}.Debug|Any CPU.Build.0 = Debug|Any CPU
		{77264780-6184-405D-B2D5-A1C29FD2AF1F}.Release|Any CPU.ActiveCfg = Release|Any CPU
		{77264780-6184-405D-B2D5-A1C29FD2AF1F}.Release|Any CPU.Build.0 = Release|Any CPU
	EndGlobalSection
	GlobalSection(NestedProjects) = preSolution
		{3638ACE1-9159-4C5B-AA4E-9F375F46B7FC} = {DBE8DD6F-0CB2-4D61-B773-71D3F29FB165}
		{77264780-6184-405D-B2D5-A1C29FD2AF1F} = {3C2EF71B-EE27-4672-A1E9-806F46393CF8}
	EndGlobalSection
EndGlobal
